
Microsoft Visual Studio Solution File, Format Version 12.00
# Visual Studio 15
VisualStudioVersion = 15.0.27428.2027
MinimumVisualStudioVersion = 10.0.40219.1
Project("{888888A0-9F3D-457C-B088-3A5042F75D52}") = "PyZMQCommunicator", "PyZMQCommunicator\PyZMQCommunicator.pyproj", "{7D3084A4-906C-4451-9FC3-EC8C8F07C7A7}"
EndProject
Global
	GlobalSection(SolutionConfigurationPlatforms) = preSolution
		Debug|Any CPU = Debug|Any CPU
		Release|Any CPU = Release|Any CPU
	EndGlobalSection
	GlobalSection(ProjectConfigurationPlatforms) = postSolution
		{7D3084A4-906C-4451-9FC3-EC8C8F07C7A7}.Debug|Any CPU.ActiveCfg = Debug|Any CPU
		{7D3084A4-906C-4451-9FC3-EC8C8F07C7A7}.Release|Any CPU.ActiveCfg = Release|Any CPU
	EndGlobalSection
	GlobalSection(SolutionProperties) = preSolution
		HideSolutionNode = FALSE
	EndGlobalSection
	GlobalSection(ExtensibilityGlobals) = postSolution
		SolutionGuid = {54A01AE8-A402-48D1-91D6-DAD89B456F06}
	EndGlobalSection
EndGlobal
